
Microsoft Visual Studio Solution File, Format Version 12.00
# Visual Studio Version 17
VisualStudioVersion = 17.2.32630.192
MinimumVisualStudioVersion = 10.0.40219.1
Project("{FAE04EC0-301F-11D3-BF4B-00C04F79EFBC}") = "nzwalks.api", "nzwalks.api\nzwalks.api.csproj", "{677E6B74-912A-403E-9117-E23AE2F8AB20}"
EndProject
Global
	GlobalSection(SolutionConfigurationPlatforms) = preSolution
		Debug|Any CPU = Debug|Any CPU
		Release|Any CPU = Release|Any CPU
	EndGlobalSection
	GlobalSection(ProjectConfigurationPlatforms) = postSolution
		{677E6B74-912A-403E-9117-E23AE2F8AB20}.Debug|Any CPU.ActiveCfg = Debug|Any CPU
		{677E6B74-912A-403E-9117-E23AE2F8AB20}.Debug|Any CPU.Build.0 = Debug|Any CPU
		{677E6B74-912A-403E-9117-E23AE2F8AB20}.Release|Any CPU.ActiveCfg = Release|Any CPU
		{677E6B74-912A-403E-9117-E23AE2F8AB20}.Release|Any CPU.Build.0 = Release|Any CPU
	EndGlobalSection
	GlobalSection(SolutionProperties) = preSolution
		HideSolutionNode = FALSE
	EndGlobalSection
	GlobalSection(ExtensibilityGlobals) = postSolution
		SolutionGuid = {58596659-3691-4F8F-89DC-8C0B2708CFE5}
	EndGlobalSection
EndGlobal
